
Microsoft Visual Studio Solution File, Format Version 12.00
Project("{FAE04EC0-301F-11D3-BF4B-00C04F79EFBC}") = "AinaLabs.Web", "AinaLabs.Web\AinaLabs.Web.csproj", "{3E149E98-01EE-4D38-898E-B658051DB72F}"
EndProject
Project("{FAE04EC0-301F-11D3-BF4B-00C04F79EFBC}") = "AinaLabs.Api", "AinaLabs.Api\AinaLabs.Api.csproj", "{C678833A-DDB1-470B-B19A-227469033114}"
EndProject
Project("{FAE04EC0-301F-11D3-BF4B-00C04F79EFBC}") = "AinaLabs.Core", "AinaLabs.Core\AinaLabs.Core.csproj", "{C9A78C20-4B82-4DCD-9E67-33A926F56701}"
EndProject
Project("{FAE04EC0-301F-11D3-BF4B-00C04F79EFBC}") = "AinaLabs.Infraestructure", "AinaLabs.Infraestructure\AinaLabs.Infraestructure.csproj", "{4C469BD9-5475-4789-8B96-3D212EEE6155}"
EndProject
Global
	GlobalSection(SolutionConfigurationPlatforms) = preSolution
		Debug|Any CPU = Debug|Any CPU
		Release|Any CPU = Release|Any CPU
	EndGlobalSection
	GlobalSection(ProjectConfigurationPlatforms) = postSolution
		{3E149E98-01EE-4D38-898E-B658051DB72F}.Debug|Any CPU.ActiveCfg = Debug|Any CPU
		{3E149E98-01EE-4D38-898E-B658051DB72F}.Debug|Any CPU.Build.0 = Debug|Any CPU
		{3E149E98-01EE-4D38-898E-B658051DB72F}.Release|Any CPU.ActiveCfg = Release|Any CPU
		{3E149E98-01EE-4D38-898E-B658051DB72F}.Release|Any CPU.Build.0 = Release|Any CPU
		{C678833A-DDB1-470B-B19A-227469033114}.Debug|Any CPU.ActiveCfg = Debug|Any CPU
		{C678833A-DDB1-470B-B19A-227469033114}.Debug|Any CPU.Build.0 = Debug|Any CPU
		{C678833A-DDB1-470B-B19A-227469033114}.Release|Any CPU.ActiveCfg = Release|Any CPU
		{C678833A-DDB1-470B-B19A-227469033114}.Release|Any CPU.Build.0 = Release|Any CPU
		{C9A78C20-4B82-4DCD-9E67-33A926F56701}.Debug|Any CPU.ActiveCfg = Debug|Any CPU
		{C9A78C20-4B82-4DCD-9E67-33A926F56701}.Debug|Any CPU.Build.0 = Debug|Any CPU
		{C9A78C20-4B82-4DCD-9E67-33A926F56701}.Release|Any CPU.ActiveCfg = Release|Any CPU
		{C9A78C20-4B82-4DCD-9E67-33A926F56701}.Release|Any CPU.Build.0 = Release|Any CPU
		{4C469BD9-5475-4789-8B96-3D212EEE6155}.Debug|Any CPU.ActiveCfg = Debug|Any CPU
		{4C469BD9-5475-4789-8B96-3D212EEE6155}.Debug|Any CPU.Build.0 = Debug|Any CPU
		{4C469BD9-5475-4789-8B96-3D212EEE6155}.Release|Any CPU.ActiveCfg = Release|Any CPU
		{4C469BD9-5475-4789-8B96-3D212EEE6155}.Release|Any CPU.Build.0 = Release|Any CPU
	EndGlobalSection
EndGlobal
